// !$*UTF8*$!
{
	archiveVersion = 1;
	classes = {
	};
	objectVersion = 50;
	objects = {

/* Begin PBXBuildFile section */
		188433B6256ACC61009EDA67 /* AppDelegate.swift in Sources */ = {isa = PBXBuildFile; fileRef = 188433B5256ACC61009EDA67 /* AppDelegate.swift */; };
		188433B8256ACC61009EDA67 /* SceneDelegate.swift in Sources */ = {isa = PBXBuildFile; fileRef = 188433B7256ACC61009EDA67 /* SceneDelegate.swift */; };
		188433BA256ACC61009EDA67 /* ViewController.swift in Sources */ = {isa = PBXBuildFile; fileRef = 188433B9256ACC61009EDA67 /* ViewController.swift */; };
		188433BD256ACC61009EDA67 /* Main.storyboard in Resources */ = {isa = PBXBuildFile; fileRef = 188433BB256ACC61009EDA67 /* Main.storyboard */; };
		188433BF256ACC68009EDA67 /* Assets.xcassets in Resources */ = {isa = PBXBuildFile; fileRef = 188433BE256ACC68009EDA67 /* Assets.xcassets */; };
		188433C2256ACC68009EDA67 /* LaunchScreen.storyboard in Resources */ = {isa = PBXBuildFile; fileRef = 188433C0256ACC68009EDA67 /* LaunchScreen.storyboard */; };
		188433CD256ACC6A009EDA67 /* CalcTests.swift in Sources */ = {isa = PBXBuildFile; fileRef = 188433CC256ACC6A009EDA67 /* CalcTests.swift */; };
		188433D8256ACC6A009EDA67 /* CalcUITests.swift in Sources */ = {isa = PBXBuildFile; fileRef = 188433D7256ACC6A009EDA67 /* CalcUITests.swift */; };
		188433E9256ACEC7009EDA67 /* Calculator.swift in Sources */ = {isa = PBXBuildFile; fileRef = 188433E8256ACEC7009EDA67 /* Calculator.swift */; };
		188433EE256ACF81009EDA67 /* CalculatorTests.swift in Sources */ = {isa = PBXBuildFile; fileRef = 188433ED256ACF81009EDA67 /* CalculatorTests.swift */; };
/* End PBXBuildFile section */

/* Begin PBXContainerItemProxy section */
		188433C9256ACC6A009EDA67 /* PBXContainerItemProxy */ = {
			isa = PBXContainerItemProxy;
			containerPortal = 188433AA256ACC61009EDA67 /* Project object */;
			proxyType = 1;
			remoteGlobalIDString = 188433B1256ACC61009EDA67;
			remoteInfo = Calc;
		};
		188433D4256ACC6A009EDA67 /* PBXContainerItemProxy */ = {
			isa = PBXContainerItemProxy;
			containerPortal = 188433AA256ACC61009EDA67 /* Project object */;
			proxyType = 1;
			remoteGlobalIDString = 188433B1256ACC61009EDA67;
			remoteInfo = Calc;
		};
/* End PBXContainerItemProxy section */

/* Begin PBXFileReference section */
		188433B2256ACC61009EDA67 /* Calc.app */ = {isa = PBXFileReference; explicitFileType = wrapper.application; includeInIndex = 0; path = Calc.app; sourceTree = BUILT_PRODUCTS_DIR; };
		188433B5256ACC61009EDA67 /* AppDelegate.swift */ = {isa = PBXFileReference; lastKnownFileType = sourcecode.swift; path = AppDelegate.swift; sourceTree = "<group>"; };
		188433B7256ACC61009EDA67 /* SceneDelegate.swift */ = {isa = PBXFileReference; lastKnownFileType = sourcecode.swift; path = SceneDelegate.swift; sourceTree = "<group>"; };
		188433B9256ACC61009EDA67 /* ViewController.swift */ = {isa = PBXFileReference; lastKnownFileType = sourcecode.swift; path = ViewController.swift; sourceTree = "<group>"; };
		188433BC256ACC61009EDA67 /* Base */ = {isa = PBXFileReference; lastKnownFileType = file.storyboard; name = Base; path = Base.lproj/Main.storyboard; sourceTree = "<group>"; };
		188433BE256ACC68009EDA67 /* Assets.xcassets */ = {isa = PBXFileReference; lastKnownFileType = folder.assetcatalog; path = Assets.xcassets; sourceTree = "<group>"; };
		188433C1256ACC68009EDA67 /* Base */ = {isa = PBXFileReference; lastKnownFileType = file.storyboard; name = Base; path = Base.lproj/LaunchScreen.storyboard; sourceTree = "<group>"; };
		188433C3256ACC68009EDA67 /* Info.plist */ = {isa = PBXFileReference; lastKnownFileType = text.plist.xml; path = Info.plist; sourceTree = "<group>"; };
		188433C8256ACC6A009EDA67 /* CalcTests.xctest */ = {isa = PBXFileReference; explicitFileType = wrapper.cfbundle; includeInIndex = 0; path = CalcTests.xctest; sourceTree = BUILT_PRODUCTS_DIR; };
		188433CC256ACC6A009EDA67 /* CalcTests.swift */ = {isa = PBXFileReference; lastKnownFileType = sourcecode.swift; path = CalcTests.swift; sourceTree = "<group>"; };
		188433CE256ACC6A009EDA67 /* Info.plist */ = {isa = PBXFileReference; lastKnownFileType = text.plist.xml; path = Info.plist; sourceTree = "<group>"; };
		188433D3256ACC6A009EDA67 /* CalcUITests.xctest */ = {isa = PBXFileReference; explicitFileType = wrapper.cfbundle; includeInIndex = 0; path = CalcUITests.xctest; sourceTree = BUILT_PRODUCTS_DIR; };
		188433D7256ACC6A009EDA67 /* CalcUITests.swift */ = {isa = PBXFileReference; lastKnownFileType = sourcecode.swift; path = CalcUITests.swift; sourceTree = "<group>"; };
		188433D9256ACC6A009EDA67 /* Info.plist */ = {isa = PBXFileReference; lastKnownFileType = text.plist.xml; path = Info.plist; sourceTree = "<group>"; };
		188433E8256ACEC7009EDA67 /* Calculator.swift */ = {isa = PBXFileReference; lastKnownFileType = sourcecode.swift; path = Calculator.swift; sourceTree = "<group>"; };
		188433ED256ACF81009EDA67 /* CalculatorTests.swift */ = {isa = PBXFileReference; lastKnownFileType = sourcecode.swift; path = CalculatorTests.swift; sourceTree = "<group>"; };
/* End PBXFileReference section */

/* Begin PBXFrameworksBuildPhase section */
		188433AF256ACC61009EDA67 /* Frameworks */ = {
			isa = PBXFrameworksBuildPhase;
			buildActionMask = 2147483647;
			files = (
			);
			runOnlyForDeploymentPostprocessing = 0;
		};
		188433C5256ACC6A009EDA67 /* Frameworks */ = {
			isa = PBXFrameworksBuildPhase;
			buildActionMask = 2147483647;
			files = (
			);
			runOnlyForDeploymentPostprocessing = 0;
		};
		188433D0256ACC6A009EDA67 /* Frameworks */ = {
			isa = PBXFrameworksBuildPhase;
			buildActionMask = 2147483647;
			files = (
			);
			runOnlyForDeploymentPostprocessing = 0;
		};
/* End PBXFrameworksBuildPhase section */

/* Begin PBXGroup section */
		188433A9256ACC61009EDA67 = {
			isa = PBXGroup;
			children = (
				188433B4256ACC61009EDA67 /* Calc */,
				188433CB256ACC6A009EDA67 /* CalcTests */,
				188433D6256ACC6A009EDA67 /* CalcUITests */,
				188433B3256ACC61009EDA67 /* Products */,
			);
			sourceTree = "<group>";
		};
		188433B3256ACC61009EDA67 /* Products */ = {
			isa = PBXGroup;
			children = (
				188433B2256ACC61009EDA67 /* Calc.app */,
				188433C8256ACC6A009EDA67 /* CalcTests.xctest */,
				188433D3256ACC6A009EDA67 /* CalcUITests.xctest */,
			);
			name = Products;
			sourceTree = "<group>";
		};
		188433B4256ACC61009EDA67 /* Calc */ = {
			isa = PBXGroup;
			children = (
				188433B5256ACC61009EDA67 /* AppDelegate.swift */,
				188433B7256ACC61009EDA67 /* SceneDelegate.swift */,
				188433B9256ACC61009EDA67 /* ViewController.swift */,
				188433BB256ACC61009EDA67 /* Main.storyboard */,
				188433BE256ACC68009EDA67 /* Assets.xcassets */,
				188433C0256ACC68009EDA67 /* LaunchScreen.storyboard */,
				188433C3256ACC68009EDA67 /* Info.plist */,
				188433E8256ACEC7009EDA67 /* Calculator.swift */,
			);
			path = Calc;
			sourceTree = "<group>";
		};
		188433CB256ACC6A009EDA67 /* CalcTests */ = {
			isa = PBXGroup;
			children = (
				188433CC256ACC6A009EDA67 /* CalcTests.swift */,
				188433CE256ACC6A009EDA67 /* Info.plist */,
				188433ED256ACF81009EDA67 /* CalculatorTests.swift */,
			);
			path = CalcTests;
			sourceTree = "<group>";
		};
		188433D6256ACC6A009EDA67 /* CalcUITests */ = {
			isa = PBXGroup;
			children = (
				188433D7256ACC6A009EDA67 /* CalcUITests.swift */,
				188433D9256ACC6A009EDA67 /* Info.plist */,
			);
			path = CalcUITests;
			sourceTree = "<group>";
		};
/* End PBXGroup section */

/* Begin PBXNativeTarget section */
		188433B1256ACC61009EDA67 /* Calc */ = {
			isa = PBXNativeTarget;
			buildConfigurationList = 188433DC256ACC6A009EDA67 /* Build configuration list for PBXNativeTarget "Calc" */;
			buildPhases = (
				188433AE256ACC61009EDA67 /* Sources */,
				188433AF256ACC61009EDA67 /* Frameworks */,
				188433B0256ACC61009EDA67 /* Resources */,
			);
			buildRules = (
			);
			dependencies = (
			);
			name = Calc;
			productName = Calc;
			productReference = 188433B2256ACC61009EDA67 /* Calc.app */;
			productType = "com.apple.product-type.application";
		};
		188433C7256ACC6A009EDA67 /* CalcTests */ = {
			isa = PBXNativeTarget;
			buildConfigurationList = 188433DF256ACC6A009EDA67 /* Build configuration list for PBXNativeTarget "CalcTests" */;
			buildPhases = (
				188433C4256ACC6A009EDA67 /* Sources */,
				188433C5256ACC6A009EDA67 /* Frameworks */,
				188433C6256ACC6A009EDA67 /* Resources */,
			);
			buildRules = (
			);
			dependencies = (
				188433CA256ACC6A009EDA67 /* PBXTargetDependency */,
			);
			name = CalcTests;
			productName = CalcTests;
			productReference = 188433C8256ACC6A009EDA67 /* CalcTests.xctest */;
			productType = "com.apple.product-type.bundle.unit-test";
		};
		188433D2256ACC6A009EDA67 /* CalcUITests */ = {
			isa = PBXNativeTarget;
			buildConfigurationList = 188433E2256ACC6A009EDA67 /* Build configuration list for PBXNativeTarget "CalcUITests" */;
			buildPhases = (
				188433CF256ACC6A009EDA67 /* Sources */,
				188433D0256ACC6A009EDA67 /* Frameworks */,
				188433D1256ACC6A009EDA67 /* Resources */,
			);
			buildRules = (
			);
			dependencies = (
				188433D5256ACC6A009EDA67 /* PBXTargetDependency */,
			);
			name = CalcUITests;
			productName = CalcUITests;
			productReference = 188433D3256ACC6A009EDA67 /* CalcUITests.xctest */;
			productType = "com.apple.product-type.bundle.ui-testing";
		};
/* End PBXNativeTarget section */

/* Begin PBXProject section */
		188433AA256ACC61009EDA67 /* Project object */ = {
			isa = PBXProject;
			attributes = {
				LastSwiftUpdateCheck = 1220;
				LastUpgradeCheck = 1220;
				TargetAttributes = {
					188433B1256ACC61009EDA67 = {
						CreatedOnToolsVersion = 12.2;
					};
					188433C7256ACC6A009EDA67 = {
						CreatedOnToolsVersion = 12.2;
						TestTargetID = 188433B1256ACC61009EDA67;
					};
					188433D2256ACC6A009EDA67 = {
						CreatedOnToolsVersion = 12.2;
						TestTargetID = 188433B1256ACC61009EDA67;
					};
				};
			};
			buildConfigurationList = 188433AD256ACC61009EDA67 /* Build configuration list for PBXProject "Calc" */;
			compatibilityVersion = "Xcode 9.3";
			developmentRegion = en;
			hasScannedForEncodings = 0;
			knownRegions = (
				en,
				Base,
			);
			mainGroup = 188433A9256ACC61009EDA67;
			productRefGroup = 188433B3256ACC61009EDA67 /* Products */;
			projectDirPath = "";
			projectRoot = "";
			targets = (
				188433B1256ACC61009EDA67 /* Calc */,
				188433C7256ACC6A009EDA67 /* CalcTests */,
				188433D2256ACC6A009EDA67 /* CalcUITests */,
			);
		};
/* End PBXProject section */

/* Begin PBXResourcesBuildPhase section */
		188433B0256ACC61009EDA67 /* Resources */ = {
			isa = PBXResourcesBuildPhase;
			buildActionMask = 2147483647;
			files = (
				188433C2256ACC68009EDA67 /* LaunchScreen.storyboard in Resources */,
				188433BF256ACC68009EDA67 /* Assets.xcassets in Resources */,
				188433BD256ACC61009EDA67 /* Main.storyboard in Resources */,
			);
			runOnlyForDeploymentPostprocessing = 0;
		};
		188433C6256ACC6A009EDA67 /* Resources */ = {
			isa = PBXResourcesBuildPhase;
			buildActionMask = 2147483647;
			files = (
			);
			runOnlyForDeploymentPostprocessing = 0;
		};
		188433D1256ACC6A009EDA67 /* Resources */ = {
			isa = PBXResourcesBuildPhase;
			buildActionMask = 2147483647;
			files = (
			);
			runOnlyForDeploymentPostprocessing = 0;
		};
/* End PBXResourcesBuildPhase section */

/* Begin PBXSourcesBuildPhase section */
		188433AE256ACC61009EDA67 /* Sources */ = {
			isa = PBXSourcesBuildPhase;
			buildActionMask = 2147483647;
			files = (
				188433BA256ACC61009EDA67 /* ViewController.swift in Sources */,
				188433E9256ACEC7009EDA67 /* Calculator.swift in Sources */,
				188433B6256ACC61009EDA67 /* AppDelegate.swift in Sources */,
				188433B8256ACC61009EDA67 /* SceneDelegate.swift in Sources */,
			);
			runOnlyForDeploymentPostprocessing = 0;
		};
		188433C4256ACC6A009EDA67 /* Sources */ = {
			isa = PBXSourcesBuildPhase;
			buildActionMask = 2147483647;
			files = (
				188433CD256ACC6A009EDA67 /* CalcTests.swift in Sources */,
				188433EE256ACF81009EDA67 /* CalculatorTests.swift in Sources */,
			);
			runOnlyForDeploymentPostprocessing = 0;
		};
		188433CF256ACC6A009EDA67 /* Sources */ = {
			isa = PBXSourcesBuildPhase;
			buildActionMask = 2147483647;
			files = (
				188433D8256ACC6A009EDA67 /* CalcUITests.swift in Sources */,
			);
			runOnlyForDeploymentPostprocessing = 0;
		};
/* End PBXSourcesBuildPhase section */

/* Begin PBXTargetDependency section */
		188433CA256ACC6A009EDA67 /* PBXTargetDependency */ = {
			isa = PBXTargetDependency;
			target = 188433B1256ACC61009EDA67 /* Calc */;
			targetProxy = 188433C9256ACC6A009EDA67 /* PBXContainerItemProxy */;
		};
		188433D5256ACC6A009EDA67 /* PBXTargetDependency */ = {
			isa = PBXTargetDependency;
			target = 188433B1256ACC61009EDA67 /* Calc */;
			targetProxy = 188433D4256ACC6A009EDA67 /* PBXContainerItemProxy */;
		};
/* End PBXTargetDependency section */

/* Begin PBXVariantGroup section */
		188433BB256ACC61009EDA67 /* Main.storyboard */ = {
			isa = PBXVariantGroup;
			children = (
				188433BC256ACC61009EDA67 /* Base */,
			);
			name = Main.storyboard;
			sourceTree = "<group>";
		};
		188433C0256ACC68009EDA67 /* LaunchScreen.storyboard */ = {
			isa = PBXVariantGroup;
			children = (
				188433C1256ACC68009EDA67 /* Base */,
			);
			name = LaunchScreen.storyboard;
			sourceTree = "<group>";
		};
/* End PBXVariantGroup section */

/* Begin XCBuildConfiguration section */
		188433DA256ACC6A009EDA67 /* Debug */ = {
			isa = XCBuildConfiguration;
			buildSettings = {
				ALWAYS_SEARCH_USER_PATHS = NO;
				CLANG_ANALYZER_NONNULL = YES;
				CLANG_ANALYZER_NUMBER_OBJECT_CONVERSION = YES_AGGRESSIVE;
				CLANG_CXX_LANGUAGE_STANDARD = "gnu++14";
				CLANG_CXX_LIBRARY = "libc++";
				CLANG_ENABLE_MODULES = YES;
				CLANG_ENABLE_OBJC_ARC = YES;
				CLANG_ENABLE_OBJC_WEAK = YES;
				CLANG_WARN_BLOCK_CAPTURE_AUTORELEASING = YES;
				CLANG_WARN_BOOL_CONVERSION = YES;
				CLANG_WARN_COMMA = YES;
				CLANG_WARN_CONSTANT_CONVERSION = YES;
				CLANG_WARN_DEPRECATED_OBJC_IMPLEMENTATIONS = YES;
				CLANG_WARN_DIRECT_OBJC_ISA_USAGE = YES_ERROR;
				CLANG_WARN_DOCUMENTATION_COMMENTS = YES;
				CLANG_WARN_EMPTY_BODY = YES;
				CLANG_WARN_ENUM_CONVERSION = YES;
				CLANG_WARN_INFINITE_RECURSION = YES;
				CLANG_WARN_INT_CONVERSION = YES;
				CLANG_WARN_NON_LITERAL_NULL_CONVERSION = YES;
				CLANG_WARN_OBJC_IMPLICIT_RETAIN_SELF = YES;
				CLANG_WARN_OBJC_LITERAL_CONVERSION = YES;
				CLANG_WARN_OBJC_ROOT_CLASS = YES_ERROR;
				CLANG_WARN_QUOTED_INCLUDE_IN_FRAMEWORK_HEADER = YES;
				CLANG_WARN_RANGE_LOOP_ANALYSIS = YES;
				CLANG_WARN_STRICT_PROTOTYPES = YES;
				CLANG_WARN_SUSPICIOUS_MOVE = YES;
				CLANG_WARN_UNGUARDED_AVAILABILITY = YES_AGGRESSIVE;
				CLANG_WARN_UNREACHABLE_CODE = YES;
				CLANG_WARN__DUPLICATE_METHOD_MATCH = YES;
				COPY_PHASE_STRIP = NO;
				DEBUG_INFORMATION_FORMAT = dwarf;
				ENABLE_STRICT_OBJC_MSGSEND = YES;
				ENABLE_TESTABILITY = YES;
				GCC_C_LANGUAGE_STANDARD = gnu11;
				GCC_DYNAMIC_NO_PIC = NO;
				GCC_NO_COMMON_BLOCKS = YES;
				GCC_OPTIMIZATION_LEVEL = 0;
				GCC_PREPROCESSOR_DEFINITIONS = (
					"DEBUG=1",
					"$(inherited)",
				);
				GCC_WARN_64_TO_32_BIT_CONVERSION = YES;
				GCC_WARN_ABOUT_RETURN_TYPE = YES_ERROR;
				GCC_WARN_UNDECLARED_SELECTOR = YES;
				GCC_WARN_UNINITIALIZED_AUTOS = YES_AGGRESSIVE;
				GCC_WARN_UNUSED_FUNCTION = YES;
				GCC_WARN_UNUSED_VARIABLE = YES;
				IPHONEOS_DEPLOYMENT_TARGET = 14.2;
				MTL_ENABLE_DEBUG_INFO = INCLUDE_SOURCE;
				MTL_FAST_MATH = YES;
				ONLY_ACTIVE_ARCH = YES;
				SDKROOT = iphoneos;
				SWIFT_ACTIVE_COMPILATION_CONDITIONS = DEBUG;
				SWIFT_OPTIMIZATION_LEVEL = "-Onone";
			};
			name = Debug;
		};
		188433DB256ACC6A009EDA67 /* Release */ = {
			isa = XCBuildConfiguration;
			buildSettings = {
				ALWAYS_SEARCH_USER_PATHS = NO;
				CLANG_ANALYZER_NONNULL = YES;
				CLANG_ANALYZER_NUMBER_OBJECT_CONVERSION = YES_AGGRESSIVE;
				CLANG_CXX_LANGUAGE_STANDARD = "gnu++14";
				CLANG_CXX_LIBRARY = "libc++";
				CLANG_ENABLE_MODULES = YES;
				CLANG_ENABLE_OBJC_ARC = YES;
				CLANG_ENABLE_OBJC_WEAK = YES;
				CLANG_WARN_BLOCK_CAPTURE_AUTORELEASING = YES;
				CLANG_WARN_BOOL_CONVERSION = YES;
				CLANG_WARN_COMMA = YES;
				CLANG_WARN_CONSTANT_CONVERSION = YES;
				CLANG_WARN_DEPRECATED_OBJC_IMPLEMENTATIONS = YES;
				CLANG_WARN_DIRECT_OBJC_ISA_USAGE = YES_ERROR;
				CLANG_WARN_DOCUMENTATION_COMMENTS = YES;
				CLANG_WARN_EMPTY_BODY = YES;
				CLANG_WARN_ENUM_CONVERSION = YES;
				CLANG_WARN_INFINITE_RECURSION = YES;
				CLANG_WARN_INT_CONVERSION = YES;
				CLANG_WARN_NON_LITERAL_NULL_CONVERSION = YES;
				CLANG_WARN_OBJC_IMPLICIT_RETAIN_SELF = YES;
				CLANG_WARN_OBJC_LITERAL_CONVERSION = YES;
				CLANG_WARN_OBJC_ROOT_CLASS = YES_ERROR;
				CLANG_WARN_QUOTED_INCLUDE_IN_FRAMEWORK_HEADER = YES;
				CLANG_WARN_RANGE_LOOP_ANALYSIS = YES;
				CLANG_WARN_STRICT_PROTOTYPES = YES;
				CLANG_WARN_SUSPICIOUS_MOVE = YES;
				CLANG_WARN_UNGUARDED_AVAILABILITY = YES_AGGRESSIVE;
				CLANG_WARN_UNREACHABLE_CODE = YES;
				CLANG_WARN__DUPLICATE_METHOD_MATCH = YES;
				COPY_PHASE_STRIP = NO;
				DEBUG_INFORMATION_FORMAT = "dwarf-with-dsym";
				ENABLE_NS_ASSERTIONS = NO;
				ENABLE_STRICT_OBJC_MSGSEND = YES;
				GCC_C_LANGUAGE_STANDARD = gnu11;
				GCC_NO_COMMON_BLOCKS = YES;
				GCC_WARN_64_TO_32_BIT_CONVERSION = YES;
				GCC_WARN_ABOUT_RETURN_TYPE = YES_ERROR;
				GCC_WARN_UNDECLARED_SELECTOR = YES;
				GCC_WARN_UNINITIALIZED_AUTOS = YES_AGGRESSIVE;
				GCC_WARN_UNUSED_FUNCTION = YES;
				GCC_WARN_UNUSED_VARIABLE = YES;
				IPHONEOS_DEPLOYMENT_TARGET = 14.2;
				MTL_ENABLE_DEBUG_INFO = NO;
				MTL_FAST_MATH = YES;
				SDKROOT = iphoneos;
				SWIFT_COMPILATION_MODE = wholemodule;
				SWIFT_OPTIMIZATION_LEVEL = "-O";
				VALIDATE_PRODUCT = YES;
			};
			name = Release;
		};
		188433DD256ACC6A009EDA67 /* Debug */ = {
			isa = XCBuildConfiguration;
			buildSettings = {
				ASSETCATALOG_COMPILER_APPICON_NAME = AppIcon;
				ASSETCATALOG_COMPILER_GLOBAL_ACCENT_COLOR_NAME = AccentColor;
				CODE_SIGN_STYLE = Automatic;
				DEVELOPMENT_TEAM = CM295DQ64D;
				INFOPLIST_FILE = Calc/Info.plist;
				LD_RUNPATH_SEARCH_PATHS = (
					"$(inherited)",
					"@executable_path/Frameworks",
				);
				PRODUCT_BUNDLE_IDENTIFIER = takahiro.hara.Calc;
				PRODUCT_NAME = "$(TARGET_NAME)";
				SWIFT_VERSION = 5.0;
				TARGETED_DEVICE_FAMILY = "1,2";
			};
			name = Debug;
		};
		188433DE256ACC6A009EDA67 /* Release */ = {
			isa = XCBuildConfiguration;
			buildSettings = {
				ASSETCATALOG_COMPILER_APPICON_NAME = AppIcon;
				ASSETCATALOG_COMPILER_GLOBAL_ACCENT_COLOR_NAME = AccentColor;
				CODE_SIGN_STYLE = Automatic;
				DEVELOPMENT_TEAM = CM295DQ64D;
				INFOPLIST_FILE = Calc/Info.plist;
				LD_RUNPATH_SEARCH_PATHS = (
					"$(inherited)",
					"@executable_path/Frameworks",
				);
				PRODUCT_BUNDLE_IDENTIFIER = takahiro.hara.Calc;
				PRODUCT_NAME = "$(TARGET_NAME)";
				SWIFT_VERSION = 5.0;
				TARGETED_DEVICE_FAMILY = "1,2";
			};
			name = Release;
		};
		188433E0256ACC6A009EDA67 /* Debug */ = {
			isa = XCBuildConfiguration;
			buildSettings = {
				ALWAYS_EMBED_SWIFT_STANDARD_LIBRARIES = YES;
				BUNDLE_LOADER = "$(TEST_HOST)";
				CODE_SIGN_STYLE = Automatic;
				DEVELOPMENT_TEAM = CM295DQ64D;
				INFOPLIST_FILE = CalcTests/Info.plist;
				IPHONEOS_DEPLOYMENT_TARGET = 14.2;
				LD_RUNPATH_SEARCH_PATHS = (
					"$(inherited)",
					"@executable_path/Frameworks",
					"@loader_path/Frameworks",
				);
				PRODUCT_BUNDLE_IDENTIFIER = takahiro.hara.CalcTests;
				PRODUCT_NAME = "$(TARGET_NAME)";
				SWIFT_VERSION = 5.0;
				TARGETED_DEVICE_FAMILY = "1,2";
				TEST_HOST = "$(BUILT_PRODUCTS_DIR)/Calc.app/Calc";
			};
			name = Debug;
		};
		188433E1256ACC6A009EDA67 /* Release */ = {
			isa = XCBuildConfiguration;
			buildSettings = {
				ALWAYS_EMBED_SWIFT_STANDARD_LIBRARIES = YES;
				BUNDLE_LOADER = "$(TEST_HOST)";
				CODE_SIGN_STYLE = Automatic;
				DEVELOPMENT_TEAM = CM295DQ64D;
				INFOPLIST_FILE = CalcTests/Info.plist;
				IPHONEOS_DEPLOYMENT_TARGET = 14.2;
				LD_RUNPATH_SEARCH_PATHS = (
					"$(inherited)",
					"@executable_path/Frameworks",
					"@loader_path/Frameworks",
				);
				PRODUCT_BUNDLE_IDENTIFIER = takahiro.hara.CalcTests;
				PRODUCT_NAME = "$(TARGET_NAME)";
				SWIFT_VERSION = 5.0;
				TARGETED_DEVICE_FAMILY = "1,2";
				TEST_HOST = "$(BUILT_PRODUCTS_DIR)/Calc.app/Calc";
			};
			name = Release;
		};
		188433E3256ACC6A009EDA67 /* Debug */ = {
			isa = XCBuildConfiguration;
			buildSettings = {
				ALWAYS_EMBED_SWIFT_STANDARD_LIBRARIES = YES;
				CODE_SIGN_STYLE = Automatic;
				DEVELOPMENT_TEAM = CM295DQ64D;
				INFOPLIST_FILE = CalcUITests/Info.plist;
				LD_RUNPATH_SEARCH_PATHS = (
					"$(inherited)",
					"@executable_path/Frameworks",
					"@loader_path/Frameworks",
				);
				PRODUCT_BUNDLE_IDENTIFIER = takahiro.hara.CalcUITests;
				PRODUCT_NAME = "$(TARGET_NAME)";
				SWIFT_VERSION = 5.0;
				TARGETED_DEVICE_FAMILY = "1,2";
				TEST_TARGET_NAME = Calc;
			};
			name = Debug;
		};
		188433E4256ACC6A009EDA67 /* Release */ = {
			isa = XCBuildConfiguration;
			buildSettings = {
				ALWAYS_EMBED_SWIFT_STANDARD_LIBRARIES = YES;
				CODE_SIGN_STYLE = Automatic;
				DEVELOPMENT_TEAM = CM295DQ64D;
				INFOPLIST_FILE = CalcUITests/Info.plist;
				LD_RUNPATH_SEARCH_PATHS = (
					"$(inherited)",
					"@executable_path/Frameworks",
					"@loader_path/Frameworks",
				);
				PRODUCT_BUNDLE_IDENTIFIER = takahiro.hara.CalcUITests;
				PRODUCT_NAME = "$(TARGET_NAME)";
				SWIFT_VERSION = 5.0;
				TARGETED_DEVICE_FAMILY = "1,2";
				TEST_TARGET_NAME = Calc;
			};
			name = Release;
		};
/* End XCBuildConfiguration section */

/* Begin XCConfigurationList section */
		188433AD256ACC61009EDA67 /* Build configuration list for PBXProject "Calc" */ = {
			isa = XCConfigurationList;
			buildConfigurations = (
				188433DA256ACC6A009EDA67 /* Debug */,
				188433DB256ACC6A009EDA67 /* Release */,
			);
			defaultConfigurationIsVisible = 0;
			defaultConfigurationName = Release;
		};
		188433DC256ACC6A009EDA67 /* Build configuration list for PBXNativeTarget "Calc" */ = {
			isa = XCConfigurationList;
			buildConfigurations = (
				188433DD256ACC6A009EDA67 /* Debug */,
				188433DE256ACC6A009EDA67 /* Release */,
			);
			defaultConfigurationIsVisible = 0;
			defaultConfigurationName = Release;
		};
		188433DF256ACC6A009EDA67 /* Build configuration list for PBXNativeTarget "CalcTests" */ = {
			isa = XCConfigurationList;
			buildConfigurations = (
				188433E0256ACC6A009EDA67 /* Debug */,
				188433E1256ACC6A009EDA67 /* Release */,
			);
			defaultConfigurationIsVisible = 0;
			defaultConfigurationName = Release;
		};
		188433E2256ACC6A009EDA67 /* Build configuration list for PBXNativeTarget "CalcUITests" */ = {
			isa = XCConfigurationList;
			buildConfigurations = (
				188433E3256ACC6A009EDA67 /* Debug */,
				188433E4256ACC6A009EDA67 /* Release */,
			);
			defaultConfigurationIsVisible = 0;
			defaultConfigurationName = Release;
		};
/* End XCConfigurationList section */
	};
	rootObject = 188433AA256ACC61009EDA67 /* Project object */;
}
